
Microsoft Visual Studio Solution File, Format Version 12.00
# Visual Studio Version 17
VisualStudioVersion = 17.0.31903.59
MinimumVisualStudioVersion = 10.0.40219.1
Project("{F2A71F9B-5D33-465A-A702-920D77279786}") = "utils", "utils\utils.fsproj", "{669A5CE0-B696-4F42-91AA-AB235240E672}"
EndProject
Project("{F2A71F9B-5D33-465A-A702-920D77279786}") = "day01", "day01\day01.fsproj", "{1579AC70-5582-4EA8-8B4F-26D04100D8CC}"
EndProject
Project("{F2A71F9B-5D33-465A-A702-920D77279786}") = "day02", "day02\day02.fsproj", "{4F1653ED-EB78-42E2-9CCD-912F4F163FFC}"
EndProject
Project("{F2A71F9B-5D33-465A-A702-920D77279786}") = "day03", "day03\day03.fsproj", "{B066EF28-0EDB-4687-B677-9CD6697FF210}"
EndProject
Project("{F2A71F9B-5D33-465A-A702-920D77279786}") = "day04", "day04\day04.fsproj", "{D59D089C-E72D-463A-8F53-968B2F949271}"
EndProject
Project("{F2A71F9B-5D33-465A-A702-920D77279786}") = "day05", "day05\day05.fsproj", "{8E7D348A-5D4A-4CA9-8611-B782C3B4E483}"
EndProject
Project("{F2A71F9B-5D33-465A-A702-920D77279786}") = "day06", "day06\day06.fsproj", "{EC50A218-584F-4207-B3F0-486C63744556}"
EndProject
Project("{F2A71F9B-5D33-465A-A702-920D77279786}") = "day07", "day07\day07.fsproj", "{4959C7D7-29E5-46B5-A095-2C06DFB268C9}"
EndProject
Project("{F2A71F9B-5D33-465A-A702-920D77279786}") = "day08", "day08\day08.fsproj", "{5B9ED796-8B12-41D0-91AA-B5F31342281B}"
EndProject
Project("{F2A71F9B-5D33-465A-A702-920D77279786}") = "day09", "day09\day09.fsproj", "{80D6AFA8-BB32-4BDE-B31C-11D8F6C23321}"
EndProject
Project("{F2A71F9B-5D33-465A-A702-920D77279786}") = "day10", "day10\day10.fsproj", "{F8B6B919-6CFE-44AA-97FE-019AE7EA1A4C}"
EndProject
Global
	GlobalSection(SolutionConfigurationPlatforms) = preSolution
		Debug|Any CPU = Debug|Any CPU
		Release|Any CPU = Release|Any CPU
	EndGlobalSection
	GlobalSection(SolutionProperties) = preSolution
		HideSolutionNode = FALSE
	EndGlobalSection
	GlobalSection(ProjectConfigurationPlatforms) = postSolution
		{C7B2530E-3E9A-4FBD-8B95-761F91C714A0}.Debug|Any CPU.ActiveCfg = Debug|Any CPU
		{C7B2530E-3E9A-4FBD-8B95-761F91C714A0}.Debug|Any CPU.Build.0 = Debug|Any CPU
		{C7B2530E-3E9A-4FBD-8B95-761F91C714A0}.Release|Any CPU.ActiveCfg = Release|Any CPU
		{C7B2530E-3E9A-4FBD-8B95-761F91C714A0}.Release|Any CPU.Build.0 = Release|Any CPU
		{669A5CE0-B696-4F42-91AA-AB235240E672}.Debug|Any CPU.ActiveCfg = Debug|Any CPU
		{669A5CE0-B696-4F42-91AA-AB235240E672}.Debug|Any CPU.Build.0 = Debug|Any CPU
		{669A5CE0-B696-4F42-91AA-AB235240E672}.Release|Any CPU.ActiveCfg = Release|Any CPU
		{669A5CE0-B696-4F42-91AA-AB235240E672}.Release|Any CPU.Build.0 = Release|Any CPU
		{4F1653ED-EB78-42E2-9CCD-912F4F163FFC}.Debug|Any CPU.ActiveCfg = Debug|Any CPU
		{4F1653ED-EB78-42E2-9CCD-912F4F163FFC}.Debug|Any CPU.Build.0 = Debug|Any CPU
		{4F1653ED-EB78-42E2-9CCD-912F4F163FFC}.Release|Any CPU.ActiveCfg = Release|Any CPU
		{4F1653ED-EB78-42E2-9CCD-912F4F163FFC}.Release|Any CPU.Build.0 = Release|Any CPU
		{1579AC70-5582-4EA8-8B4F-26D04100D8CC}.Debug|Any CPU.ActiveCfg = Debug|Any CPU
		{1579AC70-5582-4EA8-8B4F-26D04100D8CC}.Debug|Any CPU.Build.0 = Debug|Any CPU
		{1579AC70-5582-4EA8-8B4F-26D04100D8CC}.Release|Any CPU.ActiveCfg = Release|Any CPU
		{1579AC70-5582-4EA8-8B4F-26D04100D8CC}.Release|Any CPU.Build.0 = Release|Any CPU
		{B066EF28-0EDB-4687-B677-9CD6697FF210}.Debug|Any CPU.ActiveCfg = Debug|Any CPU
		{B066EF28-0EDB-4687-B677-9CD6697FF210}.Debug|Any CPU.Build.0 = Debug|Any CPU
		{B066EF28-0EDB-4687-B677-9CD6697FF210}.Release|Any CPU.ActiveCfg = Release|Any CPU
		{B066EF28-0EDB-4687-B677-9CD6697FF210}.Release|Any CPU.Build.0 = Release|Any CPU
		{D59D089C-E72D-463A-8F53-968B2F949271}.Debug|Any CPU.ActiveCfg = Debug|Any CPU
		{D59D089C-E72D-463A-8F53-968B2F949271}.Debug|Any CPU.Build.0 = Debug|Any CPU
		{D59D089C-E72D-463A-8F53-968B2F949271}.Release|Any CPU.ActiveCfg = Release|Any CPU
		{D59D089C-E72D-463A-8F53-968B2F949271}.Release|Any CPU.Build.0 = Release|Any CPU
		{8E7D348A-5D4A-4CA9-8611-B782C3B4E483}.Debug|Any CPU.ActiveCfg = Debug|Any CPU
		{8E7D348A-5D4A-4CA9-8611-B782C3B4E483}.Debug|Any CPU.Build.0 = Debug|Any CPU
		{8E7D348A-5D4A-4CA9-8611-B782C3B4E483}.Release|Any CPU.ActiveCfg = Release|Any CPU
		{8E7D348A-5D4A-4CA9-8611-B782C3B4E483}.Release|Any CPU.Build.0 = Release|Any CPU
		{EC50A218-584F-4207-B3F0-486C63744556}.Debug|Any CPU.ActiveCfg = Debug|Any CPU
		{EC50A218-584F-4207-B3F0-486C63744556}.Debug|Any CPU.Build.0 = Debug|Any CPU
		{EC50A218-584F-4207-B3F0-486C63744556}.Release|Any CPU.ActiveCfg = Release|Any CPU
		{EC50A218-584F-4207-B3F0-486C63744556}.Release|Any CPU.Build.0 = Release|Any CPU
		{4959C7D7-29E5-46B5-A095-2C06DFB268C9}.Debug|Any CPU.ActiveCfg = Debug|Any CPU
		{4959C7D7-29E5-46B5-A095-2C06DFB268C9}.Debug|Any CPU.Build.0 = Debug|Any CPU
		{4959C7D7-29E5-46B5-A095-2C06DFB268C9}.Release|Any CPU.ActiveCfg = Release|Any CPU
		{4959C7D7-29E5-46B5-A095-2C06DFB268C9}.Release|Any CPU.Build.0 = Release|Any CPU
		{5B9ED796-8B12-41D0-91AA-B5F31342281B}.Debug|Any CPU.ActiveCfg = Debug|Any CPU
		{5B9ED796-8B12-41D0-91AA-B5F31342281B}.Debug|Any CPU.Build.0 = Debug|Any CPU
		{5B9ED796-8B12-41D0-91AA-B5F31342281B}.Release|Any CPU.ActiveCfg = Release|Any CPU
		{5B9ED796-8B12-41D0-91AA-B5F31342281B}.Release|Any CPU.Build.0 = Release|Any CPU
		{80D6AFA8-BB32-4BDE-B31C-11D8F6C23321}.Debug|Any CPU.ActiveCfg = Debug|Any CPU
		{80D6AFA8-BB32-4BDE-B31C-11D8F6C23321}.Debug|Any CPU.Build.0 = Debug|Any CPU
		{80D6AFA8-BB32-4BDE-B31C-11D8F6C23321}.Release|Any CPU.ActiveCfg = Release|Any CPU
		{80D6AFA8-BB32-4BDE-B31C-11D8F6C23321}.Release|Any CPU.Build.0 = Release|Any CPU
		{F8B6B919-6CFE-44AA-97FE-019AE7EA1A4C}.Debug|Any CPU.ActiveCfg = Debug|Any CPU
		{F8B6B919-6CFE-44AA-97FE-019AE7EA1A4C}.Debug|Any CPU.Build.0 = Debug|Any CPU
		{F8B6B919-6CFE-44AA-97FE-019AE7EA1A4C}.Release|Any CPU.ActiveCfg = Release|Any CPU
		{F8B6B919-6CFE-44AA-97FE-019AE7EA1A4C}.Release|Any CPU.Build.0 = Release|Any CPU
	EndGlobalSection
EndGlobal
