
Microsoft Visual Studio Solution File, Format Version 12.00
# Visual Studio Version 17
VisualStudioVersion = 17.0.31903.59
MinimumVisualStudioVersion = 10.0.40219.1
Project("{F2A71F9B-5D33-465A-A702-920D77279786}") = "utils", "utils\utils.fsproj", "{669A5CE0-B696-4F42-91AA-AB235240E672}"
EndProject
Project("{F2A71F9B-5D33-465A-A702-920D77279786}") = "day01", "day01\day01.fsproj", "{1579AC70-5582-4EA8-8B4F-26D04100D8CC}"
EndProject
Project("{F2A71F9B-5D33-465A-A702-920D77279786}") = "day02", "day02\day02.fsproj", "{4F1653ED-EB78-42E2-9CCD-912F4F163FFC}"
EndProject
Project("{F2A71F9B-5D33-465A-A702-920D77279786}") = "day03", "day03\day03.fsproj", "{B066EF28-0EDB-4687-B677-9CD6697FF210}"
EndProject
Project("{F2A71F9B-5D33-465A-A702-920D77279786}") = "day04", "day04\day04.fsproj", "{D59D089C-E72D-463A-8F53-968B2F949271}"
EndProject
Project("{F2A71F9B-5D33-465A-A702-920D77279786}") = "day05", "day05\day05.fsproj", "{8E7D348A-5D4A-4CA9-8611-B782C3B4E483}"
EndProject
Project("{F2A71F9B-5D33-465A-A702-920D77279786}") = "day06", "day06\day06.fsproj", "{EC50A218-584F-4207-B3F0-486C63744556}"
EndProject
Project("{F2A71F9B-5D33-465A-A702-920D77279786}") = "day07", "day07\day07.fsproj", "{4959C7D7-29E5-46B5-A095-2C06DFB268C9}"
EndProject
Project("{F2A71F9B-5D33-465A-A702-920D77279786}") = "day08", "day08\day08.fsproj", "{5B9ED796-8B12-41D0-91AA-B5F31342281B}"
EndProject
Project("{F2A71F9B-5D33-465A-A702-920D77279786}") = "day09", "day09\day09.fsproj", "{80D6AFA8-BB32-4BDE-B31C-11D8F6C23321}"
EndProject
Project("{F2A71F9B-5D33-465A-A702-920D77279786}") = "day10", "day10\day10.fsproj", "{F8B6B919-6CFE-44AA-97FE-019AE7EA1A4C}"
EndProject
Project("{F2A71F9B-5D33-465A-A702-920D77279786}") = "day11", "day11\day11.fsproj", "{F5C3C78B-80CB-4B79-9C8D-DBBEACEF9781}"
EndProject
Project("{F2A71F9B-5D33-465A-A702-920D77279786}") = "day12", "day12\day12.fsproj", "{B7876658-5445-4566-ADC7-D495A7EEFAE1}"
EndProject
Project("{F2A71F9B-5D33-465A-A702-920D77279786}") = "day13", "day13\day13.fsproj", "{69738921-62D6-4309-ABD8-3B88E1573237}"
EndProject
Project("{F2A71F9B-5D33-465A-A702-920D77279786}") = "day14", "day14\day14.fsproj", "{57FAA3BE-D3AA-4AC3-A8FA-8F1660372471}"
EndProject
Project("{F2A71F9B-5D33-465A-A702-920D77279786}") = "day15", "day15\day15.fsproj", "{4B34BB8B-246E-4AF1-91E2-618655F2E2A6}"
EndProject
Project("{F2A71F9B-5D33-465A-A702-920D77279786}") = "day16", "day16\day16.fsproj", "{0BBE88AE-2A66-4360-A762-3F821AC57C22}"
EndProject
Project("{F2A71F9B-5D33-465A-A702-920D77279786}") = "day17", "day17\day17.fsproj", "{921D3937-0B20-476B-97F9-A05D5E19BD1D}"
EndProject
Project("{F2A71F9B-5D33-465A-A702-920D77279786}") = "day18", "day18\day18.fsproj", "{2CBDE1BE-F07D-4457-90F5-A118373D7570}"
EndProject
Project("{F2A71F9B-5D33-465A-A702-920D77279786}") = "day19", "day19\day19.fsproj", "{3D8E6BE0-CF92-4964-820F-490195EB6414}"
EndProject
Project("{F2A71F9B-5D33-465A-A702-920D77279786}") = "day20", "day20\day20.fsproj", "{1D5B6FC4-6B71-488F-855C-2658FF24ACC5}"
EndProject
Global
	GlobalSection(SolutionConfigurationPlatforms) = preSolution
		Debug|Any CPU = Debug|Any CPU
		Release|Any CPU = Release|Any CPU
	EndGlobalSection
	GlobalSection(SolutionProperties) = preSolution
		HideSolutionNode = FALSE
	EndGlobalSection
	GlobalSection(ProjectConfigurationPlatforms) = postSolution
		{C7B2530E-3E9A-4FBD-8B95-761F91C714A0}.Debug|Any CPU.ActiveCfg = Debug|Any CPU
		{C7B2530E-3E9A-4FBD-8B95-761F91C714A0}.Debug|Any CPU.Build.0 = Debug|Any CPU
		{C7B2530E-3E9A-4FBD-8B95-761F91C714A0}.Release|Any CPU.ActiveCfg = Release|Any CPU
		{C7B2530E-3E9A-4FBD-8B95-761F91C714A0}.Release|Any CPU.Build.0 = Release|Any CPU
		{669A5CE0-B696-4F42-91AA-AB235240E672}.Debug|Any CPU.ActiveCfg = Debug|Any CPU
		{669A5CE0-B696-4F42-91AA-AB235240E672}.Debug|Any CPU.Build.0 = Debug|Any CPU
		{669A5CE0-B696-4F42-91AA-AB235240E672}.Release|Any CPU.ActiveCfg = Release|Any CPU
		{669A5CE0-B696-4F42-91AA-AB235240E672}.Release|Any CPU.Build.0 = Release|Any CPU
		{4F1653ED-EB78-42E2-9CCD-912F4F163FFC}.Debug|Any CPU.ActiveCfg = Debug|Any CPU
		{4F1653ED-EB78-42E2-9CCD-912F4F163FFC}.Debug|Any CPU.Build.0 = Debug|Any CPU
		{4F1653ED-EB78-42E2-9CCD-912F4F163FFC}.Release|Any CPU.ActiveCfg = Release|Any CPU
		{4F1653ED-EB78-42E2-9CCD-912F4F163FFC}.Release|Any CPU.Build.0 = Release|Any CPU
		{1579AC70-5582-4EA8-8B4F-26D04100D8CC}.Debug|Any CPU.ActiveCfg = Debug|Any CPU
		{1579AC70-5582-4EA8-8B4F-26D04100D8CC}.Debug|Any CPU.Build.0 = Debug|Any CPU
		{1579AC70-5582-4EA8-8B4F-26D04100D8CC}.Release|Any CPU.ActiveCfg = Release|Any CPU
		{1579AC70-5582-4EA8-8B4F-26D04100D8CC}.Release|Any CPU.Build.0 = Release|Any CPU
		{B066EF28-0EDB-4687-B677-9CD6697FF210}.Debug|Any CPU.ActiveCfg = Debug|Any CPU
		{B066EF28-0EDB-4687-B677-9CD6697FF210}.Debug|Any CPU.Build.0 = Debug|Any CPU
		{B066EF28-0EDB-4687-B677-9CD6697FF210}.Release|Any CPU.ActiveCfg = Release|Any CPU
		{B066EF28-0EDB-4687-B677-9CD6697FF210}.Release|Any CPU.Build.0 = Release|Any CPU
		{D59D089C-E72D-463A-8F53-968B2F949271}.Debug|Any CPU.ActiveCfg = Debug|Any CPU
		{D59D089C-E72D-463A-8F53-968B2F949271}.Debug|Any CPU.Build.0 = Debug|Any CPU
		{D59D089C-E72D-463A-8F53-968B2F949271}.Release|Any CPU.ActiveCfg = Release|Any CPU
		{D59D089C-E72D-463A-8F53-968B2F949271}.Release|Any CPU.Build.0 = Release|Any CPU
		{8E7D348A-5D4A-4CA9-8611-B782C3B4E483}.Debug|Any CPU.ActiveCfg = Debug|Any CPU
		{8E7D348A-5D4A-4CA9-8611-B782C3B4E483}.Debug|Any CPU.Build.0 = Debug|Any CPU
		{8E7D348A-5D4A-4CA9-8611-B782C3B4E483}.Release|Any CPU.ActiveCfg = Release|Any CPU
		{8E7D348A-5D4A-4CA9-8611-B782C3B4E483}.Release|Any CPU.Build.0 = Release|Any CPU
		{EC50A218-584F-4207-B3F0-486C63744556}.Debug|Any CPU.ActiveCfg = Debug|Any CPU
		{EC50A218-584F-4207-B3F0-486C63744556}.Debug|Any CPU.Build.0 = Debug|Any CPU
		{EC50A218-584F-4207-B3F0-486C63744556}.Release|Any CPU.ActiveCfg = Release|Any CPU
		{EC50A218-584F-4207-B3F0-486C63744556}.Release|Any CPU.Build.0 = Release|Any CPU
		{4959C7D7-29E5-46B5-A095-2C06DFB268C9}.Debug|Any CPU.ActiveCfg = Debug|Any CPU
		{4959C7D7-29E5-46B5-A095-2C06DFB268C9}.Debug|Any CPU.Build.0 = Debug|Any CPU
		{4959C7D7-29E5-46B5-A095-2C06DFB268C9}.Release|Any CPU.ActiveCfg = Release|Any CPU
		{4959C7D7-29E5-46B5-A095-2C06DFB268C9}.Release|Any CPU.Build.0 = Release|Any CPU
		{5B9ED796-8B12-41D0-91AA-B5F31342281B}.Debug|Any CPU.ActiveCfg = Debug|Any CPU
		{5B9ED796-8B12-41D0-91AA-B5F31342281B}.Debug|Any CPU.Build.0 = Debug|Any CPU
		{5B9ED796-8B12-41D0-91AA-B5F31342281B}.Release|Any CPU.ActiveCfg = Release|Any CPU
		{5B9ED796-8B12-41D0-91AA-B5F31342281B}.Release|Any CPU.Build.0 = Release|Any CPU
		{80D6AFA8-BB32-4BDE-B31C-11D8F6C23321}.Debug|Any CPU.ActiveCfg = Debug|Any CPU
		{80D6AFA8-BB32-4BDE-B31C-11D8F6C23321}.Debug|Any CPU.Build.0 = Debug|Any CPU
		{80D6AFA8-BB32-4BDE-B31C-11D8F6C23321}.Release|Any CPU.ActiveCfg = Release|Any CPU
		{80D6AFA8-BB32-4BDE-B31C-11D8F6C23321}.Release|Any CPU.Build.0 = Release|Any CPU
		{F8B6B919-6CFE-44AA-97FE-019AE7EA1A4C}.Debug|Any CPU.ActiveCfg = Debug|Any CPU
		{F8B6B919-6CFE-44AA-97FE-019AE7EA1A4C}.Debug|Any CPU.Build.0 = Debug|Any CPU
		{F8B6B919-6CFE-44AA-97FE-019AE7EA1A4C}.Release|Any CPU.ActiveCfg = Release|Any CPU
		{F8B6B919-6CFE-44AA-97FE-019AE7EA1A4C}.Release|Any CPU.Build.0 = Release|Any CPU
		{F5C3C78B-80CB-4B79-9C8D-DBBEACEF9781}.Debug|Any CPU.ActiveCfg = Debug|Any CPU
		{F5C3C78B-80CB-4B79-9C8D-DBBEACEF9781}.Debug|Any CPU.Build.0 = Debug|Any CPU
		{F5C3C78B-80CB-4B79-9C8D-DBBEACEF9781}.Release|Any CPU.ActiveCfg = Release|Any CPU
		{F5C3C78B-80CB-4B79-9C8D-DBBEACEF9781}.Release|Any CPU.Build.0 = Release|Any CPU
		{B7876658-5445-4566-ADC7-D495A7EEFAE1}.Debug|Any CPU.ActiveCfg = Debug|Any CPU
		{B7876658-5445-4566-ADC7-D495A7EEFAE1}.Debug|Any CPU.Build.0 = Debug|Any CPU
		{B7876658-5445-4566-ADC7-D495A7EEFAE1}.Release|Any CPU.ActiveCfg = Release|Any CPU
		{B7876658-5445-4566-ADC7-D495A7EEFAE1}.Release|Any CPU.Build.0 = Release|Any CPU
		{69738921-62D6-4309-ABD8-3B88E1573237}.Debug|Any CPU.ActiveCfg = Debug|Any CPU
		{69738921-62D6-4309-ABD8-3B88E1573237}.Debug|Any CPU.Build.0 = Debug|Any CPU
		{69738921-62D6-4309-ABD8-3B88E1573237}.Release|Any CPU.ActiveCfg = Release|Any CPU
		{69738921-62D6-4309-ABD8-3B88E1573237}.Release|Any CPU.Build.0 = Release|Any CPU
		{57FAA3BE-D3AA-4AC3-A8FA-8F1660372471}.Debug|Any CPU.ActiveCfg = Debug|Any CPU
		{57FAA3BE-D3AA-4AC3-A8FA-8F1660372471}.Debug|Any CPU.Build.0 = Debug|Any CPU
		{57FAA3BE-D3AA-4AC3-A8FA-8F1660372471}.Release|Any CPU.ActiveCfg = Release|Any CPU
		{57FAA3BE-D3AA-4AC3-A8FA-8F1660372471}.Release|Any CPU.Build.0 = Release|Any CPU
		{4B34BB8B-246E-4AF1-91E2-618655F2E2A6}.Debug|Any CPU.ActiveCfg = Debug|Any CPU
		{4B34BB8B-246E-4AF1-91E2-618655F2E2A6}.Debug|Any CPU.Build.0 = Debug|Any CPU
		{4B34BB8B-246E-4AF1-91E2-618655F2E2A6}.Release|Any CPU.ActiveCfg = Release|Any CPU
		{4B34BB8B-246E-4AF1-91E2-618655F2E2A6}.Release|Any CPU.Build.0 = Release|Any CPU
		{0BBE88AE-2A66-4360-A762-3F821AC57C22}.Debug|Any CPU.ActiveCfg = Debug|Any CPU
		{0BBE88AE-2A66-4360-A762-3F821AC57C22}.Debug|Any CPU.Build.0 = Debug|Any CPU
		{0BBE88AE-2A66-4360-A762-3F821AC57C22}.Release|Any CPU.ActiveCfg = Release|Any CPU
		{0BBE88AE-2A66-4360-A762-3F821AC57C22}.Release|Any CPU.Build.0 = Release|Any CPU
		{921D3937-0B20-476B-97F9-A05D5E19BD1D}.Debug|Any CPU.ActiveCfg = Debug|Any CPU
		{921D3937-0B20-476B-97F9-A05D5E19BD1D}.Debug|Any CPU.Build.0 = Debug|Any CPU
		{921D3937-0B20-476B-97F9-A05D5E19BD1D}.Release|Any CPU.ActiveCfg = Release|Any CPU
		{921D3937-0B20-476B-97F9-A05D5E19BD1D}.Release|Any CPU.Build.0 = Release|Any CPU
		{2CBDE1BE-F07D-4457-90F5-A118373D7570}.Debug|Any CPU.ActiveCfg = Debug|Any CPU
		{2CBDE1BE-F07D-4457-90F5-A118373D7570}.Debug|Any CPU.Build.0 = Debug|Any CPU
		{2CBDE1BE-F07D-4457-90F5-A118373D7570}.Release|Any CPU.ActiveCfg = Release|Any CPU
		{2CBDE1BE-F07D-4457-90F5-A118373D7570}.Release|Any CPU.Build.0 = Release|Any CPU
		{3D8E6BE0-CF92-4964-820F-490195EB6414}.Debug|Any CPU.ActiveCfg = Debug|Any CPU
		{3D8E6BE0-CF92-4964-820F-490195EB6414}.Debug|Any CPU.Build.0 = Debug|Any CPU
		{3D8E6BE0-CF92-4964-820F-490195EB6414}.Release|Any CPU.ActiveCfg = Release|Any CPU
		{3D8E6BE0-CF92-4964-820F-490195EB6414}.Release|Any CPU.Build.0 = Release|Any CPU
		{1D5B6FC4-6B71-488F-855C-2658FF24ACC5}.Debug|Any CPU.ActiveCfg = Debug|Any CPU
		{1D5B6FC4-6B71-488F-855C-2658FF24ACC5}.Debug|Any CPU.Build.0 = Debug|Any CPU
		{1D5B6FC4-6B71-488F-855C-2658FF24ACC5}.Release|Any CPU.ActiveCfg = Release|Any CPU
		{1D5B6FC4-6B71-488F-855C-2658FF24ACC5}.Release|Any CPU.Build.0 = Release|Any CPU
	EndGlobalSection
EndGlobal
